
Microsoft Visual Studio Solution File, Format Version 12.00
# Visual Studio Version 17
VisualStudioVersion = 17.3.32901.215
MinimumVisualStudioVersion = 10.0.40219.1
Project("{FAE04EC0-301F-11D3-BF4B-00C04F79EFBC}") = "Home Work Quater_1", "Home Work Quater_1\Home Work Quater_1.csproj", "{DCFB779C-4AE5-48D2-A707-16AA7CA99FB2}"
EndProject
Global
	GlobalSection(SolutionConfigurationPlatforms) = preSolution
		Debug|Any CPU = Debug|Any CPU
		Release|Any CPU = Release|Any CPU
	EndGlobalSection
	GlobalSection(ProjectConfigurationPlatforms) = postSolution
		{DCFB779C-4AE5-48D2-A707-16AA7CA99FB2}.Debug|Any CPU.ActiveCfg = Debug|Any CPU
		{DCFB779C-4AE5-48D2-A707-16AA7CA99FB2}.Debug|Any CPU.Build.0 = Debug|Any CPU
		{DCFB779C-4AE5-48D2-A707-16AA7CA99FB2}.Release|Any CPU.ActiveCfg = Release|Any CPU
		{DCFB779C-4AE5-48D2-A707-16AA7CA99FB2}.Release|Any CPU.Build.0 = Release|Any CPU
	EndGlobalSection
	GlobalSection(SolutionProperties) = preSolution
		HideSolutionNode = FALSE
	EndGlobalSection
	GlobalSection(ExtensibilityGlobals) = postSolution
		SolutionGuid = {68C55C58-5531-437E-9DF7-DF71AE4B585E}
	EndGlobalSection
EndGlobal
